
Microsoft Visual Studio Solution File, Format Version 12.00
# Visual Studio Version 16
VisualStudioVersion = 16.0.31205.134
MinimumVisualStudioVersion = 10.0.40219.1
Project("{FAE04EC0-301F-11D3-BF4B-00C04F79EFBC}") = "AesEncryptDecryptString", "AesEncryptDecryptString\AesEncryptDecryptString.csproj", "{534302AC-B46C-4A39-942A-C897232277D1}"
EndProject
Global
	GlobalSection(SolutionConfigurationPlatforms) = preSolution
		Debug|Any CPU = Debug|Any CPU
		Release|Any CPU = Release|Any CPU
	EndGlobalSection
	GlobalSection(ProjectConfigurationPlatforms) = postSolution
		{534302AC-B46C-4A39-942A-C897232277D1}.Debug|Any CPU.ActiveCfg = Debug|Any CPU
		{534302AC-B46C-4A39-942A-C897232277D1}.Debug|Any CPU.Build.0 = Debug|Any CPU
		{534302AC-B46C-4A39-942A-C897232277D1}.Release|Any CPU.ActiveCfg = Release|Any CPU
		{534302AC-B46C-4A39-942A-C897232277D1}.Release|Any CPU.Build.0 = Release|Any CPU
	EndGlobalSection
	GlobalSection(SolutionProperties) = preSolution
		HideSolutionNode = FALSE
	EndGlobalSection
	GlobalSection(ExtensibilityGlobals) = postSolution
		SolutionGuid = {6288DCE2-BBA8-4702-A1F7-9A012C0DE6D5}
	EndGlobalSection
EndGlobal
